
Microsoft Visual Studio Solution File, Format Version 12.00
Project("{FAE04EC0-301F-11D3-BF4B-00C04F79EFBC}") = "Rps", "Rps\Rps.csproj", "{4715EBB9-3BCE-424F-84FA-6629D0EFFA59}"
EndProject
Global
	GlobalSection(SolutionConfigurationPlatforms) = preSolution
		Debug|Any CPU = Debug|Any CPU
		Release|Any CPU = Release|Any CPU
	EndGlobalSection
	GlobalSection(ProjectConfigurationPlatforms) = postSolution
		{4715EBB9-3BCE-424F-84FA-6629D0EFFA59}.Debug|Any CPU.ActiveCfg = Debug|Any CPU
		{4715EBB9-3BCE-424F-84FA-6629D0EFFA59}.Debug|Any CPU.Build.0 = Debug|Any CPU
		{4715EBB9-3BCE-424F-84FA-6629D0EFFA59}.Release|Any CPU.ActiveCfg = Release|Any CPU
		{4715EBB9-3BCE-424F-84FA-6629D0EFFA59}.Release|Any CPU.Build.0 = Release|Any CPU
	EndGlobalSection
EndGlobal
