{
  "version": 4,
  "terraform_version": "1.13.5",
  "serial": 163,
  "lineage": "227e44bb-a23c-c4f9-448d-3b3bbb473c8f",
  "outputs": {},
  "resources": [
    {
      "mode": "managed",
      "type": "aws_ecr_repository",
      "name": "rps",
      "provider": "provider[\"registry.terraform.io/hashicorp/aws\"]",
      "instances": [
        {
          "schema_version": 0,
          "attributes": {
            "arn": "arn:aws:ecr:ap-northeast-2:911648106064:repository/rps-app",
            "encryption_configuration": [
              {
                "encryption_type": "AES256",
                "kms_key": ""
              }
            ],
            "force_delete": null,
            "id": "rps-app",
            "image_scanning_configuration": [
              {
                "scan_on_push": true
              }
            ],
            "image_tag_mutability": "MUTABLE",
            "name": "rps-app",
            "registry_id": "911648106064",
            "repository_url": "911648106064.dkr.ecr.ap-northeast-2.amazonaws.com/rps-app",
            "tags": {
              "Environment": "prod",
              "Name": "rps-ecr",
              "Project": "rps"
            },
            "tags_all": {
              "Environment": "prod",
              "ManagedBy": "Terraform",
              "Name": "rps-ecr",
              "Project": "rps"
            },
            "timeouts": null
          },
          "sensitive_attributes": [],
          "identity_schema_version": 0,
          "private": "eyJlMmJmYjczMC1lY2FhLTExZTYtOGY4OC0zNDM2M2JjN2M0YzAiOnsiZGVsZXRlIjoxMjAwMDAwMDAwMDAwfX0="
        }
      ]
    }
  ],
  "check_results": [
    {
      "object_kind": "var",
      "config_addr": "var.redis_auth_token",
      "status": "unknown",
      "objects": null
    }
  ]
}
